
Microsoft Visual Studio Solution File, Format Version 12.00
Project("{FAE04EC0-301F-11D3-BF4B-00C04F79EFBC}") = "RefactoringExercises", "src\RefactoringExercises\RefactoringExercises.csproj", "{F3B2AAB7-C0FC-4914-85A8-D00F6BC1946F}"
EndProject
Project("{FAE04EC0-301F-11D3-BF4B-00C04F79EFBC}") = "RefactoringExercises.Application", "src\RefactoringExercises.Application\RefactoringExercises.Application.csproj", "{338E2A9C-8088-4E09-9361-C44049A2853E}"
EndProject
Project("{FAE04EC0-301F-11D3-BF4B-00C04F79EFBC}") = "RefactoringExercises.Tests", "tests\RefactoringExercises.Tests\RefactoringExercises.Tests.csproj", "{705CE002-6EF5-4864-BAAB-C86984C722C1}"
EndProject
Global
	GlobalSection(SolutionConfigurationPlatforms) = preSolution
		Debug|Any CPU = Debug|Any CPU
		Release|Any CPU = Release|Any CPU
	EndGlobalSection
	GlobalSection(ProjectConfigurationPlatforms) = postSolution
		{F3B2AAB7-C0FC-4914-85A8-D00F6BC1946F}.Debug|Any CPU.ActiveCfg = Debug|Any CPU
		{F3B2AAB7-C0FC-4914-85A8-D00F6BC1946F}.Debug|Any CPU.Build.0 = Debug|Any CPU
		{F3B2AAB7-C0FC-4914-85A8-D00F6BC1946F}.Release|Any CPU.ActiveCfg = Release|Any CPU
		{F3B2AAB7-C0FC-4914-85A8-D00F6BC1946F}.Release|Any CPU.Build.0 = Release|Any CPU
		{338E2A9C-8088-4E09-9361-C44049A2853E}.Debug|Any CPU.ActiveCfg = Debug|Any CPU
		{338E2A9C-8088-4E09-9361-C44049A2853E}.Debug|Any CPU.Build.0 = Debug|Any CPU
		{338E2A9C-8088-4E09-9361-C44049A2853E}.Release|Any CPU.ActiveCfg = Release|Any CPU
		{338E2A9C-8088-4E09-9361-C44049A2853E}.Release|Any CPU.Build.0 = Release|Any CPU
		{705CE002-6EF5-4864-BAAB-C86984C722C1}.Debug|Any CPU.ActiveCfg = Debug|Any CPU
		{705CE002-6EF5-4864-BAAB-C86984C722C1}.Debug|Any CPU.Build.0 = Debug|Any CPU
		{705CE002-6EF5-4864-BAAB-C86984C722C1}.Release|Any CPU.ActiveCfg = Release|Any CPU
		{705CE002-6EF5-4864-BAAB-C86984C722C1}.Release|Any CPU.Build.0 = Release|Any CPU
	EndGlobalSection
EndGlobal
